
Microsoft Visual Studio Solution File, Format Version 12.00
# Visual Studio Version 17
VisualStudioVersion = 17.5.002.0
MinimumVisualStudioVersion = 10.0.40219.1
Project("{9A19103F-16F7-4668-BE54-9A1E7A4F7556}") = "personnummer", "personnummer.csproj", "{26159DDC-D80D-48B2-BE23-A1247534B32F}"
EndProject
Global
	GlobalSection(SolutionConfigurationPlatforms) = preSolution
		Debug|Any CPU = Debug|Any CPU
		Release|Any CPU = Release|Any CPU
	EndGlobalSection
	GlobalSection(ProjectConfigurationPlatforms) = postSolution
		{26159DDC-D80D-48B2-BE23-A1247534B32F}.Debug|Any CPU.ActiveCfg = Debug|Any CPU
		{26159DDC-D80D-48B2-BE23-A1247534B32F}.Debug|Any CPU.Build.0 = Debug|Any CPU
		{26159DDC-D80D-48B2-BE23-A1247534B32F}.Release|Any CPU.ActiveCfg = Release|Any CPU
		{26159DDC-D80D-48B2-BE23-A1247534B32F}.Release|Any CPU.Build.0 = Release|Any CPU
	EndGlobalSection
	GlobalSection(SolutionProperties) = preSolution
		HideSolutionNode = FALSE
	EndGlobalSection
	GlobalSection(ExtensibilityGlobals) = postSolution
		SolutionGuid = {055AD66A-E70A-4823-B945-52BE8AAE2421}
	EndGlobalSection
EndGlobal
